// !$*UTF8*$!
{
	archiveVersion = 1;
	classes = {
	};
	objectVersion = 50;
	objects = {

/* Begin PBXBuildFile section */
		B32BB96821FFB7E800F7B7E2 /* AppDelegate.swift in Sources */ = {isa = PBXBuildFile; fileRef = B32BB96721FFB7E800F7B7E2 /* AppDelegate.swift */; };
		B32BB96D21FFB7E800F7B7E2 /* Main.storyboard in Resources */ = {isa = PBXBuildFile; fileRef = B32BB96B21FFB7E800F7B7E2 /* Main.storyboard */; };
		B32BB96F21FFB7EA00F7B7E2 /* Assets.xcassets in Resources */ = {isa = PBXBuildFile; fileRef = B32BB96E21FFB7EA00F7B7E2 /* Assets.xcassets */; };
		B32BB97221FFB7EA00F7B7E2 /* LaunchScreen.storyboard in Resources */ = {isa = PBXBuildFile; fileRef = B32BB97021FFB7EA00F7B7E2 /* LaunchScreen.storyboard */; };
		B32BB97D21FFB7EA00F7B7E2 /* FlixTests.swift in Sources */ = {isa = PBXBuildFile; fileRef = B32BB97C21FFB7EA00F7B7E2 /* FlixTests.swift */; };
		B32BB98821FFB7EA00F7B7E2 /* FlixUITests.swift in Sources */ = {isa = PBXBuildFile; fileRef = B32BB98721FFB7EA00F7B7E2 /* FlixUITests.swift */; };
		B32BB99621FFB94400F7B7E2 /* MoviesViewController.swift in Sources */ = {isa = PBXBuildFile; fileRef = B32BB99521FFB94400F7B7E2 /* MoviesViewController.swift */; };
		B32BB99821FFCC0700F7B7E2 /* MovieCell.swift in Sources */ = {isa = PBXBuildFile; fileRef = B32BB99721FFCC0700F7B7E2 /* MovieCell.swift */; };
/* End PBXBuildFile section */

/* Begin PBXContainerItemProxy section */
		B32BB97921FFB7EA00F7B7E2 /* PBXContainerItemProxy */ = {
			isa = PBXContainerItemProxy;
			containerPortal = B32BB95C21FFB7E800F7B7E2 /* Project object */;
			proxyType = 1;
			remoteGlobalIDString = B32BB96321FFB7E800F7B7E2;
			remoteInfo = Flix;
		};
		B32BB98421FFB7EA00F7B7E2 /* PBXContainerItemProxy */ = {
			isa = PBXContainerItemProxy;
			containerPortal = B32BB95C21FFB7E800F7B7E2 /* Project object */;
			proxyType = 1;
			remoteGlobalIDString = B32BB96321FFB7E800F7B7E2;
			remoteInfo = Flix;
		};
/* End PBXContainerItemProxy section */

/* Begin PBXFileReference section */
		B32BB96421FFB7E800F7B7E2 /* Flix.app */ = {isa = PBXFileReference; explicitFileType = wrapper.application; includeInIndex = 0; path = Flix.app; sourceTree = BUILT_PRODUCTS_DIR; };
		B32BB96721FFB7E800F7B7E2 /* AppDelegate.swift */ = {isa = PBXFileReference; lastKnownFileType = sourcecode.swift; path = AppDelegate.swift; sourceTree = "<group>"; };
		B32BB96C21FFB7E800F7B7E2 /* Base */ = {isa = PBXFileReference; lastKnownFileType = file.storyboard; name = Base; path = Base.lproj/Main.storyboard; sourceTree = "<group>"; };
		B32BB96E21FFB7EA00F7B7E2 /* Assets.xcassets */ = {isa = PBXFileReference; lastKnownFileType = folder.assetcatalog; name = Assets.xcassets; path = Flix/Assets.xcassets; sourceTree = SOURCE_ROOT; };
		B32BB97121FFB7EA00F7B7E2 /* Base */ = {isa = PBXFileReference; lastKnownFileType = file.storyboard; name = Base; path = Base.lproj/LaunchScreen.storyboard; sourceTree = "<group>"; };
		B32BB97321FFB7EA00F7B7E2 /* Info.plist */ = {isa = PBXFileReference; lastKnownFileType = text.plist.xml; path = Info.plist; sourceTree = "<group>"; };
		B32BB97821FFB7EA00F7B7E2 /* FlixTests.xctest */ = {isa = PBXFileReference; explicitFileType = wrapper.cfbundle; includeInIndex = 0; path = FlixTests.xctest; sourceTree = BUILT_PRODUCTS_DIR; };
		B32BB97C21FFB7EA00F7B7E2 /* FlixTests.swift */ = {isa = PBXFileReference; lastKnownFileType = sourcecode.swift; path = FlixTests.swift; sourceTree = "<group>"; };
		B32BB97E21FFB7EA00F7B7E2 /* Info.plist */ = {isa = PBXFileReference; lastKnownFileType = text.plist.xml; path = Info.plist; sourceTree = "<group>"; };
		B32BB98321FFB7EA00F7B7E2 /* FlixUITests.xctest */ = {isa = PBXFileReference; explicitFileType = wrapper.cfbundle; includeInIndex = 0; path = FlixUITests.xctest; sourceTree = BUILT_PRODUCTS_DIR; };
		B32BB98721FFB7EA00F7B7E2 /* FlixUITests.swift */ = {isa = PBXFileReference; lastKnownFileType = sourcecode.swift; path = FlixUITests.swift; sourceTree = "<group>"; };
		B32BB98921FFB7EA00F7B7E2 /* Info.plist */ = {isa = PBXFileReference; lastKnownFileType = text.plist.xml; path = Info.plist; sourceTree = "<group>"; };
		B32BB99521FFB94400F7B7E2 /* MoviesViewController.swift */ = {isa = PBXFileReference; lastKnownFileType = sourcecode.swift; path = MoviesViewController.swift; sourceTree = "<group>"; };
		B32BB99721FFCC0700F7B7E2 /* MovieCell.swift */ = {isa = PBXFileReference; lastKnownFileType = sourcecode.swift; path = MovieCell.swift; sourceTree = "<group>"; };
/* End PBXFileReference section */

/* Begin PBXFrameworksBuildPhase section */
		B32BB96121FFB7E800F7B7E2 /* Frameworks */ = {
			isa = PBXFrameworksBuildPhase;
			buildActionMask = 2147483647;
			files = (
			);
			runOnlyForDeploymentPostprocessing = 0;
		};
		B32BB97521FFB7EA00F7B7E2 /* Frameworks */ = {
			isa = PBXFrameworksBuildPhase;
			buildActionMask = 2147483647;
			files = (
			);
			runOnlyForDeploymentPostprocessing = 0;
		};
		B32BB98021FFB7EA00F7B7E2 /* Frameworks */ = {
			isa = PBXFrameworksBuildPhase;
			buildActionMask = 2147483647;
			files = (
			);
			runOnlyForDeploymentPostprocessing = 0;
		};
/* End PBXFrameworksBuildPhase section */

/* Begin PBXGroup section */
		B32BB95B21FFB7E800F7B7E2 = {
			isa = PBXGroup;
			children = (
				B32BB96621FFB7E800F7B7E2 /* Flix */,
				B32BB97B21FFB7EA00F7B7E2 /* FlixTests */,
				B32BB98621FFB7EA00F7B7E2 /* FlixUITests */,
				B32BB96521FFB7E800F7B7E2 /* Products */,
			);
			sourceTree = "<group>";
		};
		B32BB96521FFB7E800F7B7E2 /* Products */ = {
			isa = PBXGroup;
			children = (
				B32BB96421FFB7E800F7B7E2 /* Flix.app */,
				B32BB97821FFB7EA00F7B7E2 /* FlixTests.xctest */,
				B32BB98321FFB7EA00F7B7E2 /* FlixUITests.xctest */,
			);
			name = Products;
			sourceTree = "<group>";
		};
		B32BB96621FFB7E800F7B7E2 /* Flix */ = {
			isa = PBXGroup;
			children = (
				B32BB99521FFB94400F7B7E2 /* MoviesViewController.swift */,
				B32BB96721FFB7E800F7B7E2 /* AppDelegate.swift */,
				B32BB96B21FFB7E800F7B7E2 /* Main.storyboard */,
				B32BB99721FFCC0700F7B7E2 /* MovieCell.swift */,
				B32BB96E21FFB7EA00F7B7E2 /* Assets.xcassets */,
				B32BB97021FFB7EA00F7B7E2 /* LaunchScreen.storyboard */,
				B32BB97321FFB7EA00F7B7E2 /* Info.plist */,
			);
			path = Flix;
			sourceTree = "<group>";
		};
		B32BB97B21FFB7EA00F7B7E2 /* FlixTests */ = {
			isa = PBXGroup;
			children = (
				B32BB97C21FFB7EA00F7B7E2 /* FlixTests.swift */,
				B32BB97E21FFB7EA00F7B7E2 /* Info.plist */,
			);
			path = FlixTests;
			sourceTree = "<group>";
		};
		B32BB98621FFB7EA00F7B7E2 /* FlixUITests */ = {
			isa = PBXGroup;
			children = (
				B32BB98721FFB7EA00F7B7E2 /* FlixUITests.swift */,
				B32BB98921FFB7EA00F7B7E2 /* Info.plist */,
			);
			path = FlixUITests;
			sourceTree = "<group>";
		};
/* End PBXGroup section */

/* Begin PBXNativeTarget section */
		B32BB96321FFB7E800F7B7E2 /* Flix */ = {
			isa = PBXNativeTarget;
			buildConfigurationList = B32BB98C21FFB7EA00F7B7E2 /* Build configuration list for PBXNativeTarget "Flix" */;
			buildPhases = (
				B32BB96021FFB7E800F7B7E2 /* Sources */,
				B32BB96121FFB7E800F7B7E2 /* Frameworks */,
				B32BB96221FFB7E800F7B7E2 /* Resources */,
			);
			buildRules = (
			);
			dependencies = (
			);
			name = Flix;
			productName = Flix;
			productReference = B32BB96421FFB7E800F7B7E2 /* Flix.app */;
			productType = "com.apple.product-type.application";
		};
		B32BB97721FFB7EA00F7B7E2 /* FlixTests */ = {
			isa = PBXNativeTarget;
			buildConfigurationList = B32BB98F21FFB7EA00F7B7E2 /* Build configuration list for PBXNativeTarget "FlixTests" */;
			buildPhases = (
				B32BB97421FFB7EA00F7B7E2 /* Sources */,
				B32BB97521FFB7EA00F7B7E2 /* Frameworks */,
				B32BB97621FFB7EA00F7B7E2 /* Resources */,
			);
			buildRules = (
			);
			dependencies = (
				B32BB97A21FFB7EA00F7B7E2 /* PBXTargetDependency */,
			);
			name = FlixTests;
			productName = FlixTests;
			productReference = B32BB97821FFB7EA00F7B7E2 /* FlixTests.xctest */;
			productType = "com.apple.product-type.bundle.unit-test";
		};
		B32BB98221FFB7EA00F7B7E2 /* FlixUITests */ = {
			isa = PBXNativeTarget;
			buildConfigurationList = B32BB99221FFB7EA00F7B7E2 /* Build configuration list for PBXNativeTarget "FlixUITests" */;
			buildPhases = (
				B32BB97F21FFB7EA00F7B7E2 /* Sources */,
				B32BB98021FFB7EA00F7B7E2 /* Frameworks */,
				B32BB98121FFB7EA00F7B7E2 /* Resources */,
			);
			buildRules = (
			);
			dependencies = (
				B32BB98521FFB7EA00F7B7E2 /* PBXTargetDependency */,
			);
			name = FlixUITests;
			productName = FlixUITests;
			productReference = B32BB98321FFB7EA00F7B7E2 /* FlixUITests.xctest */;
			productType = "com.apple.product-type.bundle.ui-testing";
		};
/* End PBXNativeTarget section */

/* Begin PBXProject section */
		B32BB95C21FFB7E800F7B7E2 /* Project object */ = {
			isa = PBXProject;
			attributes = {
				LastSwiftUpdateCheck = 1010;
				LastUpgradeCheck = 1010;
				ORGANIZATIONNAME = sliao;
				TargetAttributes = {
					B32BB96321FFB7E800F7B7E2 = {
						CreatedOnToolsVersion = 10.1;
					};
					B32BB97721FFB7EA00F7B7E2 = {
						CreatedOnToolsVersion = 10.1;
						TestTargetID = B32BB96321FFB7E800F7B7E2;
					};
					B32BB98221FFB7EA00F7B7E2 = {
						CreatedOnToolsVersion = 10.1;
						TestTargetID = B32BB96321FFB7E800F7B7E2;
					};
				};
			};
			buildConfigurationList = B32BB95F21FFB7E800F7B7E2 /* Build configuration list for PBXProject "Flix" */;
			compatibilityVersion = "Xcode 9.3";
			developmentRegion = en;
			hasScannedForEncodings = 0;
			knownRegions = (
				en,
				Base,
			);
			mainGroup = B32BB95B21FFB7E800F7B7E2;
			productRefGroup = B32BB96521FFB7E800F7B7E2 /* Products */;
			projectDirPath = "";
			projectRoot = "";
			targets = (
				B32BB96321FFB7E800F7B7E2 /* Flix */,
				B32BB97721FFB7EA00F7B7E2 /* FlixTests */,
				B32BB98221FFB7EA00F7B7E2 /* FlixUITests */,
			);
		};
/* End PBXProject section */

/* Begin PBXResourcesBuildPhase section */
		B32BB96221FFB7E800F7B7E2 /* Resources */ = {
			isa = PBXResourcesBuildPhase;
			buildActionMask = 2147483647;
			files = (
				B32BB97221FFB7EA00F7B7E2 /* LaunchScreen.storyboard in Resources */,
				B32BB96F21FFB7EA00F7B7E2 /* Assets.xcassets in Resources */,
				B32BB96D21FFB7E800F7B7E2 /* Main.storyboard in Resources */,
			);
			runOnlyForDeploymentPostprocessing = 0;
		};
		B32BB97621FFB7EA00F7B7E2 /* Resources */ = {
			isa = PBXResourcesBuildPhase;
			buildActionMask = 2147483647;
			files = (
			);
			runOnlyForDeploymentPostprocessing = 0;
		};
		B32BB98121FFB7EA00F7B7E2 /* Resources */ = {
			isa = PBXResourcesBuildPhase;
			buildActionMask = 2147483647;
			files = (
			);
			runOnlyForDeploymentPostprocessing = 0;
		};
/* End PBXResourcesBuildPhase section */

/* Begin PBXSourcesBuildPhase section */
		B32BB96021FFB7E800F7B7E2 /* Sources */ = {
			isa = PBXSourcesBuildPhase;
			buildActionMask = 2147483647;
			files = (
				B32BB96821FFB7E800F7B7E2 /* AppDelegate.swift in Sources */,
				B32BB99621FFB94400F7B7E2 /* MoviesViewController.swift in Sources */,
				B32BB99821FFCC0700F7B7E2 /* MovieCell.swift in Sources */,
			);
			runOnlyForDeploymentPostprocessing = 0;
		};
		B32BB97421FFB7EA00F7B7E2 /* Sources */ = {
			isa = PBXSourcesBuildPhase;
			buildActionMask = 2147483647;
			files = (
				B32BB97D21FFB7EA00F7B7E2 /* FlixTests.swift in Sources */,
			);
			runOnlyForDeploymentPostprocessing = 0;
		};
		B32BB97F21FFB7EA00F7B7E2 /* Sources */ = {
			isa = PBXSourcesBuildPhase;
			buildActionMask = 2147483647;
			files = (
				B32BB98821FFB7EA00F7B7E2 /* FlixUITests.swift in Sources */,
			);
			runOnlyForDeploymentPostprocessing = 0;
		};
/* End PBXSourcesBuildPhase section */

/* Begin PBXTargetDependency section */
		B32BB97A21FFB7EA00F7B7E2 /* PBXTargetDependency */ = {
			isa = PBXTargetDependency;
			target = B32BB96321FFB7E800F7B7E2 /* Flix */;
			targetProxy = B32BB97921FFB7EA00F7B7E2 /* PBXContainerItemProxy */;
		};
		B32BB98521FFB7EA00F7B7E2 /* PBXTargetDependency */ = {
			isa = PBXTargetDependency;
			target = B32BB96321FFB7E800F7B7E2 /* Flix */;
			targetProxy = B32BB98421FFB7EA00F7B7E2 /* PBXContainerItemProxy */;
		};
/* End PBXTargetDependency section */

/* Begin PBXVariantGroup section */
		B32BB96B21FFB7E800F7B7E2 /* Main.storyboard */ = {
			isa = PBXVariantGroup;
			children = (
				B32BB96C21FFB7E800F7B7E2 /* Base */,
			);
			name = Main.storyboard;
			sourceTree = "<group>";
		};
		B32BB97021FFB7EA00F7B7E2 /* LaunchScreen.storyboard */ = {
			isa = PBXVariantGroup;
			children = (
				B32BB97121FFB7EA00F7B7E2 /* Base */,
			);
			name = LaunchScreen.storyboard;
			path = /Users/sampsonliao/Documents/Flix/Flix;
			sourceTree = "<absolute>";
		};
/* End PBXVariantGroup section */

/* Begin XCBuildConfiguration section */
		B32BB98A21FFB7EA00F7B7E2 /* Debug */ = {
			isa = XCBuildConfiguration;
			buildSettings = {
				ALWAYS_SEARCH_USER_PATHS = NO;
				CLANG_ANALYZER_NONNULL = YES;
				CLANG_ANALYZER_NUMBER_OBJECT_CONVERSION = YES_AGGRESSIVE;
				CLANG_CXX_LANGUAGE_STANDARD = "gnu++14";
				CLANG_CXX_LIBRARY = "libc++";
				CLANG_ENABLE_MODULES = YES;
				CLANG_ENABLE_OBJC_ARC = YES;
				CLANG_ENABLE_OBJC_WEAK = YES;
				CLANG_WARN_BLOCK_CAPTURE_AUTORELEASING = YES;
				CLANG_WARN_BOOL_CONVERSION = YES;
				CLANG_WARN_COMMA = YES;
				CLANG_WARN_CONSTANT_CONVERSION = YES;
				CLANG_WARN_DEPRECATED_OBJC_IMPLEMENTATIONS = YES;
				CLANG_WARN_DIRECT_OBJC_ISA_USAGE = YES_ERROR;
				CLANG_WARN_DOCUMENTATION_COMMENTS = YES;
				CLANG_WARN_EMPTY_BODY = YES;
				CLANG_WARN_ENUM_CONVERSION = YES;
				CLANG_WARN_INFINITE_RECURSION = YES;
				CLANG_WARN_INT_CONVERSION = YES;
				CLANG_WARN_NON_LITERAL_NULL_CONVERSION = YES;
				CLANG_WARN_OBJC_IMPLICIT_RETAIN_SELF = YES;
				CLANG_WARN_OBJC_LITERAL_CONVERSION = YES;
				CLANG_WARN_OBJC_ROOT_CLASS = YES_ERROR;
				CLANG_WARN_RANGE_LOOP_ANALYSIS = YES;
				CLANG_WARN_STRICT_PROTOTYPES = YES;
				CLANG_WARN_SUSPICIOUS_MOVE = YES;
				CLANG_WARN_UNGUARDED_AVAILABILITY = YES_AGGRESSIVE;
				CLANG_WARN_UNREACHABLE_CODE = YES;
				CLANG_WARN__DUPLICATE_METHOD_MATCH = YES;
				CODE_SIGN_IDENTITY = "iPhone Developer";
				COPY_PHASE_STRIP = NO;
				DEBUG_INFORMATION_FORMAT = dwarf;
				ENABLE_STRICT_OBJC_MSGSEND = YES;
				ENABLE_TESTABILITY = YES;
				GCC_C_LANGUAGE_STANDARD = gnu11;
				GCC_DYNAMIC_NO_PIC = NO;
				GCC_NO_COMMON_BLOCKS = YES;
				GCC_OPTIMIZATION_LEVEL = 0;
				GCC_PREPROCESSOR_DEFINITIONS = (
					"DEBUG=1",
					"$(inherited)",
				);
				GCC_WARN_64_TO_32_BIT_CONVERSION = YES;
				GCC_WARN_ABOUT_RETURN_TYPE = YES_ERROR;
				GCC_WARN_UNDECLARED_SELECTOR = YES;
				GCC_WARN_UNINITIALIZED_AUTOS = YES_AGGRESSIVE;
				GCC_WARN_UNUSED_FUNCTION = YES;
				GCC_WARN_UNUSED_VARIABLE = YES;
				IPHONEOS_DEPLOYMENT_TARGET = 12.1;
				MTL_ENABLE_DEBUG_INFO = INCLUDE_SOURCE;
				MTL_FAST_MATH = YES;
				ONLY_ACTIVE_ARCH = YES;
				SDKROOT = iphoneos;
				SWIFT_ACTIVE_COMPILATION_CONDITIONS = DEBUG;
				SWIFT_OPTIMIZATION_LEVEL = "-Onone";
			};
			name = Debug;
		};
		B32BB98B21FFB7EA00F7B7E2 /* Release */ = {
			isa = XCBuildConfiguration;
			buildSettings = {
				ALWAYS_SEARCH_USER_PATHS = NO;
				CLANG_ANALYZER_NONNULL = YES;
				CLANG_ANALYZER_NUMBER_OBJECT_CONVERSION = YES_AGGRESSIVE;
				CLANG_CXX_LANGUAGE_STANDARD = "gnu++14";
				CLANG_CXX_LIBRARY = "libc++";
				CLANG_ENABLE_MODULES = YES;
				CLANG_ENABLE_OBJC_ARC = YES;
				CLANG_ENABLE_OBJC_WEAK = YES;
				CLANG_WARN_BLOCK_CAPTURE_AUTORELEASING = YES;
				CLANG_WARN_BOOL_CONVERSION = YES;
				CLANG_WARN_COMMA = YES;
				CLANG_WARN_CONSTANT_CONVERSION = YES;
				CLANG_WARN_DEPRECATED_OBJC_IMPLEMENTATIONS = YES;
				CLANG_WARN_DIRECT_OBJC_ISA_USAGE = YES_ERROR;
				CLANG_WARN_DOCUMENTATION_COMMENTS = YES;
				CLANG_WARN_EMPTY_BODY = YES;
				CLANG_WARN_ENUM_CONVERSION = YES;
				CLANG_WARN_INFINITE_RECURSION = YES;
				CLANG_WARN_INT_CONVERSION = YES;
				CLANG_WARN_NON_LITERAL_NULL_CONVERSION = YES;
				CLANG_WARN_OBJC_IMPLICIT_RETAIN_SELF = YES;
				CLANG_WARN_OBJC_LITERAL_CONVERSION = YES;
				CLANG_WARN_OBJC_ROOT_CLASS = YES_ERROR;
				CLANG_WARN_RANGE_LOOP_ANALYSIS = YES;
				CLANG_WARN_STRICT_PROTOTYPES = YES;
				CLANG_WARN_SUSPICIOUS_MOVE = YES;
				CLANG_WARN_UNGUARDED_AVAILABILITY = YES_AGGRESSIVE;
				CLANG_WARN_UNREACHABLE_CODE = YES;
				CLANG_WARN__DUPLICATE_METHOD_MATCH = YES;
				CODE_SIGN_IDENTITY = "iPhone Developer";
				COPY_PHASE_STRIP = NO;
				DEBUG_INFORMATION_FORMAT = "dwarf-with-dsym";
				ENABLE_NS_ASSERTIONS = NO;
				ENABLE_STRICT_OBJC_MSGSEND = YES;
				GCC_C_LANGUAGE_STANDARD = gnu11;
				GCC_NO_COMMON_BLOCKS = YES;
				GCC_WARN_64_TO_32_BIT_CONVERSION = YES;
				GCC_WARN_ABOUT_RETURN_TYPE = YES_ERROR;
				GCC_WARN_UNDECLARED_SELECTOR = YES;
				GCC_WARN_UNINITIALIZED_AUTOS = YES_AGGRESSIVE;
				GCC_WARN_UNUSED_FUNCTION = YES;
				GCC_WARN_UNUSED_VARIABLE = YES;
				IPHONEOS_DEPLOYMENT_TARGET = 12.1;
				MTL_ENABLE_DEBUG_INFO = NO;
				MTL_FAST_MATH = YES;
				SDKROOT = iphoneos;
				SWIFT_COMPILATION_MODE = wholemodule;
				SWIFT_OPTIMIZATION_LEVEL = "-O";
				VALIDATE_PRODUCT = YES;
			};
			name = Release;
		};
		B32BB98D21FFB7EA00F7B7E2 /* Debug */ = {
			isa = XCBuildConfiguration;
			buildSettings = {
				ASSETCATALOG_COMPILER_APPICON_NAME = AppIcon;
				CODE_SIGN_STYLE = Automatic;
				DEVELOPMENT_TEAM = JHFD68N6DC;
				INFOPLIST_FILE = Flix/Info.plist;
				LD_RUNPATH_SEARCH_PATHS = (
					"$(inherited)",
					"@executable_path/Frameworks",
				);
				PRODUCT_BUNDLE_IDENTIFIER = com.sliao.Flix;
				PRODUCT_NAME = "$(TARGET_NAME)";
				SWIFT_VERSION = 4.2;
				TARGETED_DEVICE_FAMILY = "1,2";
			};
			name = Debug;
		};
		B32BB98E21FFB7EA00F7B7E2 /* Release */ = {
			isa = XCBuildConfiguration;
			buildSettings = {
				ASSETCATALOG_COMPILER_APPICON_NAME = AppIcon;
				CODE_SIGN_STYLE = Automatic;
				DEVELOPMENT_TEAM = JHFD68N6DC;
				INFOPLIST_FILE = Flix/Info.plist;
				LD_RUNPATH_SEARCH_PATHS = (
					"$(inherited)",
					"@executable_path/Frameworks",
				);
				PRODUCT_BUNDLE_IDENTIFIER = com.sliao.Flix;
				PRODUCT_NAME = "$(TARGET_NAME)";
				SWIFT_VERSION = 4.2;
				TARGETED_DEVICE_FAMILY = "1,2";
			};
			name = Release;
		};
		B32BB99021FFB7EA00F7B7E2 /* Debug */ = {
			isa = XCBuildConfiguration;
			buildSettings = {
				ALWAYS_EMBED_SWIFT_STANDARD_LIBRARIES = YES;
				BUNDLE_LOADER = "$(TEST_HOST)";
				CODE_SIGN_STYLE = Automatic;
				INFOPLIST_FILE = FlixTests/Info.plist;
				LD_RUNPATH_SEARCH_PATHS = (
					"$(inherited)",
					"@executable_path/Frameworks",
					"@loader_path/Frameworks",
				);
				PRODUCT_BUNDLE_IDENTIFIER = com.sliao.FlixTests;
				PRODUCT_NAME = "$(TARGET_NAME)";
				SWIFT_VERSION = 4.2;
				TARGETED_DEVICE_FAMILY = "1,2";
				TEST_HOST = "$(BUILT_PRODUCTS_DIR)/Flix.app/Flix";
			};
			name = Debug;
		};
		B32BB99121FFB7EA00F7B7E2 /* Release */ = {
			isa = XCBuildConfiguration;
			buildSettings = {
				ALWAYS_EMBED_SWIFT_STANDARD_LIBRARIES = YES;
				BUNDLE_LOADER = "$(TEST_HOST)";
				CODE_SIGN_STYLE = Automatic;
				INFOPLIST_FILE = FlixTests/Info.plist;
				LD_RUNPATH_SEARCH_PATHS = (
					"$(inherited)",
					"@executable_path/Frameworks",
					"@loader_path/Frameworks",
				);
				PRODUCT_BUNDLE_IDENTIFIER = com.sliao.FlixTests;
				PRODUCT_NAME = "$(TARGET_NAME)";
				SWIFT_VERSION = 4.2;
				TARGETED_DEVICE_FAMILY = "1,2";
				TEST_HOST = "$(BUILT_PRODUCTS_DIR)/Flix.app/Flix";
			};
			name = Release;
		};
		B32BB99321FFB7EA00F7B7E2 /* Debug */ = {
			isa = XCBuildConfiguration;
			buildSettings = {
				ALWAYS_EMBED_SWIFT_STANDARD_LIBRARIES = YES;
				CODE_SIGN_STYLE = Automatic;
				INFOPLIST_FILE = FlixUITests/Info.plist;
				LD_RUNPATH_SEARCH_PATHS = (
					"$(inherited)",
					"@executable_path/Frameworks",
					"@loader_path/Frameworks",
				);
				PRODUCT_BUNDLE_IDENTIFIER = com.sliao.FlixUITests;
				PRODUCT_NAME = "$(TARGET_NAME)";
				SWIFT_VERSION = 4.2;
				TARGETED_DEVICE_FAMILY = "1,2";
				TEST_TARGET_NAME = Flix;
			};
			name = Debug;
		};
		B32BB99421FFB7EA00F7B7E2 /* Release */ = {
			isa = XCBuildConfiguration;
			buildSettings = {
				ALWAYS_EMBED_SWIFT_STANDARD_LIBRARIES = YES;
				CODE_SIGN_STYLE = Automatic;
				INFOPLIST_FILE = FlixUITests/Info.plist;
				LD_RUNPATH_SEARCH_PATHS = (
					"$(inherited)",
					"@executable_path/Frameworks",
					"@loader_path/Frameworks",
				);
				PRODUCT_BUNDLE_IDENTIFIER = com.sliao.FlixUITests;
				PRODUCT_NAME = "$(TARGET_NAME)";
				SWIFT_VERSION = 4.2;
				TARGETED_DEVICE_FAMILY = "1,2";
				TEST_TARGET_NAME = Flix;
			};
			name = Release;
		};
/* End XCBuildConfiguration section */

/* Begin XCConfigurationList section */
		B32BB95F21FFB7E800F7B7E2 /* Build configuration list for PBXProject "Flix" */ = {
			isa = XCConfigurationList;
			buildConfigurations = (
				B32BB98A21FFB7EA00F7B7E2 /* Debug */,
				B32BB98B21FFB7EA00F7B7E2 /* Release */,
			);
			defaultConfigurationIsVisible = 0;
			defaultConfigurationName = Release;
		};
		B32BB98C21FFB7EA00F7B7E2 /* Build configuration list for PBXNativeTarget "Flix" */ = {
			isa = XCConfigurationList;
			buildConfigurations = (
				B32BB98D21FFB7EA00F7B7E2 /* Debug */,
				B32BB98E21FFB7EA00F7B7E2 /* Release */,
			);
			defaultConfigurationIsVisible = 0;
			defaultConfigurationName = Release;
		};
		B32BB98F21FFB7EA00F7B7E2 /* Build configuration list for PBXNativeTarget "FlixTests" */ = {
			isa = XCConfigurationList;
			buildConfigurations = (
				B32BB99021FFB7EA00F7B7E2 /* Debug */,
				B32BB99121FFB7EA00F7B7E2 /* Release */,
			);
			defaultConfigurationIsVisible = 0;
			defaultConfigurationName = Release;
		};
		B32BB99221FFB7EA00F7B7E2 /* Build configuration list for PBXNativeTarget "FlixUITests" */ = {
			isa = XCConfigurationList;
			buildConfigurations = (
				B32BB99321FFB7EA00F7B7E2 /* Debug */,
				B32BB99421FFB7EA00F7B7E2 /* Release */,
			);
			defaultConfigurationIsVisible = 0;
			defaultConfigurationName = Release;
		};
/* End XCConfigurationList section */
	};
	rootObject = B32BB95C21FFB7E800F7B7E2 /* Project object */;
}
